
Microsoft Visual Studio Solution File, Format Version 12.00
# Visual Studio Version 16
VisualStudioVersion = 16.0.30413.136
MinimumVisualStudioVersion = 10.0.40219.1
Project("{888888A0-9F3D-457C-B088-3A5042F75D52}") = "UsernameGenPearson", "UsernameGenPearson\UsernameGenPearson.pyproj", "{70AED128-85F5-4531-8381-95CF80C733D9}"
EndProject
Global
	GlobalSection(SolutionConfigurationPlatforms) = preSolution
		Debug|Any CPU = Debug|Any CPU
		Release|Any CPU = Release|Any CPU
	EndGlobalSection
	GlobalSection(ProjectConfigurationPlatforms) = postSolution
		{70AED128-85F5-4531-8381-95CF80C733D9}.Debug|Any CPU.ActiveCfg = Debug|Any CPU
		{70AED128-85F5-4531-8381-95CF80C733D9}.Release|Any CPU.ActiveCfg = Release|Any CPU
	EndGlobalSection
	GlobalSection(SolutionProperties) = preSolution
		HideSolutionNode = FALSE
	EndGlobalSection
	GlobalSection(ExtensibilityGlobals) = postSolution
		SolutionGuid = {34CB5B2C-2704-4BE6-98F6-6D9F7ED89F6B}
	EndGlobalSection
EndGlobal
